# This file is @generated by PDM.
# It is not intended for manual editing.

[[package]]
name = "maya-stubs"
version = "0.3.1"
requires_python = ">=2.7, !=3.0.*, !=3.1.*, !=3.2.*, !=3.3.*, !=3.4.*, !=3.5.*, !=3.6.*"
summary = "Stubs for Autodesk Maya's Python APIs"

[metadata]
lock_version = "4.1"
content_hash = "sha256:0b2f95c03e2b8f40b9cc2471f515c7a7626e071584c5884d75ef0bf15ea3bd98"

[metadata.files]
"maya-stubs 0.3.1" = [
    {url = "https://files.pythonhosted.org/packages/06/60/511923ab1c993d3b6a07f012f4cbf5e8230e36d1468d57aaa23d0e8bd149/maya_stubs-0.3.1-py2.py3-none-any.whl", hash = "sha256:fc32f60b52f7442edc19dba03c45c96b434c89e270f556d4b35a5c0f4f2103bf"},
    {url = "https://files.pythonhosted.org/packages/62/d6/0acb7328df1c0e54c90126a9781f6d140be547af486cd668b567a06ca99d/maya_stubs-0.3.1.tar.gz", hash = "sha256:1f312f4b52ba44037eec1a6b64bf206267738fa2a4f4ab550f20ba4b0167c39e"},
]
